<?xml version="1.0" encoding="utf-8"?>
<Project ToolsVersion="16.0" xmlns="http://schemas.microsoft.com/developer/msbuild/2003">
  <ItemGroup>
    <CustomBuild Include="C:\Users\ccc\StudioProjects\untitled2\hello_library\CMakeFiles\dffadddc75558b3f195046cf819f495d\generate.stamp.rule">
      <Filter>CMake Rules</Filter>
    </CustomBuild>
  </ItemGroup>
  <ItemGroup>
    <Filter Include="CMake Rules">
      <UniqueIdentifier>{0F62BF11-806D-39DA-AD6E-69954D6EA6E4}</UniqueIdentifier>
    </Filter>
  </ItemGroup>
</Project>
